
Microsoft Visual Studio Solution File, Format Version 12.00
# Visual Studio Version 17
VisualStudioVersion = 17.7.34031.279
MinimumVisualStudioVersion = 10.0.40219.1
Project("{FAE04EC0-301F-11D3-BF4B-00C04F79EFBC}") = "Lab_2Novembre_#2", "Lab_2Novembre_#2\Lab_2Novembre_#2.csproj", "{455567C2-0DE7-4811-80F3-76DADF36D713}"
EndProject
Global
	GlobalSection(SolutionConfigurationPlatforms) = preSolution
		Debug|Any CPU = Debug|Any CPU
		Release|Any CPU = Release|Any CPU
	EndGlobalSection
	GlobalSection(ProjectConfigurationPlatforms) = postSolution
		{455567C2-0DE7-4811-80F3-76DADF36D713}.Debug|Any CPU.ActiveCfg = Debug|Any CPU
		{455567C2-0DE7-4811-80F3-76DADF36D713}.Debug|Any CPU.Build.0 = Debug|Any CPU
		{455567C2-0DE7-4811-80F3-76DADF36D713}.Release|Any CPU.ActiveCfg = Release|Any CPU
		{455567C2-0DE7-4811-80F3-76DADF36D713}.Release|Any CPU.Build.0 = Release|Any CPU
	EndGlobalSection
	GlobalSection(SolutionProperties) = preSolution
		HideSolutionNode = FALSE
	EndGlobalSection
	GlobalSection(ExtensibilityGlobals) = postSolution
		SolutionGuid = {92FF59C3-A3C8-44AE-8CC4-AE68DBCB199A}
	EndGlobalSection
EndGlobal
